<?xml version="1.0" encoding="utf-8"?>
<Project ToolsVersion="4.0" xmlns="http://schemas.microsoft.com/developer/msbuild/2003">
  <ItemGroup>
    <ClInclude Include="stdafx.h" />
    <ClInclude Include="Algorithm\00_Algorithm.h" />
    <ClInclude Include="Algorithm\01_Big_0_Notation.h" />
    <ClInclude Include="Stack\00_Stack.h" />
    <ClInclude Include="Stack\01_Array_Stack.h" />
    <ClInclude Include="Stack\03_Stack_Calculator.h" />
    <ClInclude Include="Queue\00_Queue.h" />
    <ClInclude Include="Queue\01_Linear_Queue.h" />
    <ClInclude Include="Queue\02_Circular_Queue.h" />
    <ClInclude Include="Linked_list\00_Linked_List.h" />
    <ClInclude Include="Linked_list\02_Double_Linked_List.h" />
    <ClInclude Include="Tree\01_LCRS_Tree.h" />
    <ClInclude Include="Tree\00_Tree.h" />
    <ClInclude Include="Tree\02_Binary_Tree.h" />
    <ClInclude Include="Tree\04_Heap_Tree.h" />
    <ClInclude Include="Linked_list\03_Ranking_List.h" />
    <ClInclude Include="Tree\03_Binary_Search_Tree.h" />
    <ClInclude Include="Tree\05_AVL_Tree.h" />
    <ClInclude Include="Graph\00_Graph.h" />
  </ItemGroup>
  <ItemGroup>
    <ClCompile Include="stdafx.cpp" />
    <ClCompile Include="Stack\__Stack_Main.cpp" />
    <ClCompile Include="Stack\_Stack_Solution.cpp" />
    <ClCompile Include="Queue\__Queue_Main.cpp" />
    <ClCompile Include="Queue\_Queue_Solution.cpp" />
    <ClCompile Include="Linked_list\__Linked_List_Main.cpp" />
    <ClCompile Include="Tree\__Tree_Main.cpp" />
    <ClCompile Include="Graph\__Graph_Main.cpp" />
  </ItemGroup>
</Project>